{
  "nodes": {
    "home-manager": {
      "inputs": {
        "nixpkgs": [
          "nixpkgs"
        ]
      },
      "locked": {
        "lastModified": 1703367386,
        "narHash": "sha256-FMbm48UGrBfOWGt8+opuS+uLBLQlRfhiYXhHNcYMS5k=",
        "owner": "nix-community",
        "repo": "home-manager",
        "rev": "d5824a76bc6bb93d1dce9ebbbcb09a9b6abcc224",
        "type": "github"
      },
      "original": {
        "owner": "nix-community",
        "ref": "release-23.11",
        "repo": "home-manager",
        "type": "github"
      }
    },
    "nix-flatpak": {
      "locked": {
        "lastModified": 1700311469,
        "narHash": "sha256-89ulQo4Jqt1OP06DGDErkj1Dpa0i1GZzWpR6Cs5PbE8=",
        "owner": "gmodena",
        "repo": "nix-flatpak",
        "rev": "d8f54c27de6617c44a67c36b361d4ad2512a51ce",
        "type": "github"
      },
      "original": {
        "owner": "gmodena",
        "ref": "v0.2.0",
        "repo": "nix-flatpak",
        "type": "github"
      }
    },
    "nixpkgs": {
      "locked": {
        "lastModified": 1703467016,
        "narHash": "sha256-/5A/dNPhbQx/Oa2d+Get174eNI3LERQ7u6WTWOlR1eQ=",
        "owner": "nixos",
        "repo": "nixpkgs",
        "rev": "d02d818f22c777aa4e854efc3242ec451e5d462a",
        "type": "github"
      },
      "original": {
        "owner": "nixos",
        "ref": "nixos-23.11",
        "repo": "nixpkgs",
        "type": "github"
      }
    },
    "nixpkgs-stable": {
      "locked": {
        "lastModified": 1703351344,
        "narHash": "sha256-9FEelzftkE9UaJ5nqxidaJJPEhe9TPhbypLHmc2Mysc=",
        "owner": "NixOS",
        "repo": "nixpkgs",
        "rev": "7790e078f8979a9fcd543f9a47427eeaba38f268",
        "type": "github"
      },
      "original": {
        "owner": "NixOS",
        "ref": "release-23.05",
        "repo": "nixpkgs",
        "type": "github"
      }
    },
    "root": {
      "inputs": {
        "home-manager": "home-manager",
        "nix-flatpak": "nix-flatpak",
        "nixpkgs": "nixpkgs",
        "sops-nix": "sops-nix"
      }
    },
    "sops-nix": {
      "inputs": {
        "nixpkgs": [
          "nixpkgs"
        ],
        "nixpkgs-stable": "nixpkgs-stable"
      },
      "locked": {
        "lastModified": 1703387502,
        "narHash": "sha256-JnWuQmyanPtF8c5yAEFXVWzaIlMxA3EAZCh8XNvnVqE=",
        "owner": "Mic92",
        "repo": "sops-nix",
        "rev": "e523e89763ff45f0a6cf15bcb1092636b1da9ed3",
        "type": "github"
      },
      "original": {
        "owner": "Mic92",
        "repo": "sops-nix",
        "type": "github"
      }
    }
  },
  "root": "root",
  "version": 7
}
